
Microsoft Visual Studio Solution File, Format Version 12.00
# Visual Studio Version 16
VisualStudioVersion = 16.0.30907.101
MinimumVisualStudioVersion = 10.0.40219.1
Project("{FAE04EC0-301F-11D3-BF4B-00C04F79EFBC}") = "ManalizaApp.Android", "ManalizaApp.Android\ManalizaApp.Android.csproj", "{8857294E-5084-4D5C-814B-7712ACC09951}"
EndProject
Project("{FAE04EC0-301F-11D3-BF4B-00C04F79EFBC}") = "ManalizaApp.iOS", "ManalizaApp.iOS\ManalizaApp.iOS.csproj", "{5D454413-8FF8-47F2-911F-7C8A8E8E093F}"
EndProject
Project("{9A19103F-16F7-4668-BE54-9A1E7A4F7556}") = "ManalizaApp", "ManalizaApp\ManalizaApp.csproj", "{CA48F64C-968C-477D-83A2-3C784380EBAA}"
EndProject
Global
	GlobalSection(SolutionConfigurationPlatforms) = preSolution
		Debug|Any CPU = Debug|Any CPU
		Debug|iPhone = Debug|iPhone
		Debug|iPhoneSimulator = Debug|iPhoneSimulator
		Release|Any CPU = Release|Any CPU
		Release|iPhone = Release|iPhone
		Release|iPhoneSimulator = Release|iPhoneSimulator
	EndGlobalSection
	GlobalSection(ProjectConfigurationPlatforms) = postSolution
		{8857294E-5084-4D5C-814B-7712ACC09951}.Debug|Any CPU.ActiveCfg = Debug|Any CPU
		{8857294E-5084-4D5C-814B-7712ACC09951}.Debug|Any CPU.Build.0 = Debug|Any CPU
		{8857294E-5084-4D5C-814B-7712ACC09951}.Debug|Any CPU.Deploy.0 = Debug|Any CPU
		{8857294E-5084-4D5C-814B-7712ACC09951}.Debug|iPhone.ActiveCfg = Debug|Any CPU
		{8857294E-5084-4D5C-814B-7712ACC09951}.Debug|iPhone.Build.0 = Debug|Any CPU
		{8857294E-5084-4D5C-814B-7712ACC09951}.Debug|iPhone.Deploy.0 = Debug|Any CPU
		{8857294E-5084-4D5C-814B-7712ACC09951}.Debug|iPhoneSimulator.ActiveCfg = Debug|Any CPU
		{8857294E-5084-4D5C-814B-7712ACC09951}.Debug|iPhoneSimulator.Build.0 = Debug|Any CPU
		{8857294E-5084-4D5C-814B-7712ACC09951}.Debug|iPhoneSimulator.Deploy.0 = Debug|Any CPU
		{8857294E-5084-4D5C-814B-7712ACC09951}.Release|Any CPU.ActiveCfg = Release|Any CPU
		{8857294E-5084-4D5C-814B-7712ACC09951}.Release|Any CPU.Build.0 = Release|Any CPU
		{8857294E-5084-4D5C-814B-7712ACC09951}.Release|Any CPU.Deploy.0 = Release|Any CPU
		{8857294E-5084-4D5C-814B-7712ACC09951}.Release|iPhone.ActiveCfg = Release|Any CPU
		{8857294E-5084-4D5C-814B-7712ACC09951}.Release|iPhone.Build.0 = Release|Any CPU
		{8857294E-5084-4D5C-814B-7712ACC09951}.Release|iPhone.Deploy.0 = Release|Any CPU
		{8857294E-5084-4D5C-814B-7712ACC09951}.Release|iPhoneSimulator.ActiveCfg = Release|Any CPU
		{8857294E-5084-4D5C-814B-7712ACC09951}.Release|iPhoneSimulator.Build.0 = Release|Any CPU
		{8857294E-5084-4D5C-814B-7712ACC09951}.Release|iPhoneSimulator.Deploy.0 = Release|Any CPU
		{5D454413-8FF8-47F2-911F-7C8A8E8E093F}.Debug|Any CPU.ActiveCfg = Debug|iPhone
		{5D454413-8FF8-47F2-911F-7C8A8E8E093F}.Debug|Any CPU.Build.0 = Debug|iPhone
		{5D454413-8FF8-47F2-911F-7C8A8E8E093F}.Debug|Any CPU.Deploy.0 = Debug|iPhone
		{5D454413-8FF8-47F2-911F-7C8A8E8E093F}.Debug|iPhone.ActiveCfg = Debug|iPhone
		{5D454413-8FF8-47F2-911F-7C8A8E8E093F}.Debug|iPhone.Build.0 = Debug|iPhone
		{5D454413-8FF8-47F2-911F-7C8A8E8E093F}.Debug|iPhone.Deploy.0 = Debug|iPhone
		{5D454413-8FF8-47F2-911F-7C8A8E8E093F}.Debug|iPhoneSimulator.ActiveCfg = Debug|iPhoneSimulator
		{5D454413-8FF8-47F2-911F-7C8A8E8E093F}.Debug|iPhoneSimulator.Build.0 = Debug|iPhoneSimulator
		{5D454413-8FF8-47F2-911F-7C8A8E8E093F}.Debug|iPhoneSimulator.Deploy.0 = Debug|iPhoneSimulator
		{5D454413-8FF8-47F2-911F-7C8A8E8E093F}.Release|Any CPU.ActiveCfg = Release|iPhoneSimulator
		{5D454413-8FF8-47F2-911F-7C8A8E8E093F}.Release|Any CPU.Build.0 = Release|iPhoneSimulator
		{5D454413-8FF8-47F2-911F-7C8A8E8E093F}.Release|Any CPU.Deploy.0 = Release|iPhoneSimulator
		{5D454413-8FF8-47F2-911F-7C8A8E8E093F}.Release|iPhone.ActiveCfg = Release|iPhone
		{5D454413-8FF8-47F2-911F-7C8A8E8E093F}.Release|iPhone.Build.0 = Release|iPhone
		{5D454413-8FF8-47F2-911F-7C8A8E8E093F}.Release|iPhone.Deploy.0 = Release|iPhone
		{5D454413-8FF8-47F2-911F-7C8A8E8E093F}.Release|iPhoneSimulator.ActiveCfg = Release|iPhoneSimulator
		{5D454413-8FF8-47F2-911F-7C8A8E8E093F}.Release|iPhoneSimulator.Build.0 = Release|iPhoneSimulator
		{5D454413-8FF8-47F2-911F-7C8A8E8E093F}.Release|iPhoneSimulator.Deploy.0 = Release|iPhoneSimulator
		{CA48F64C-968C-477D-83A2-3C784380EBAA}.Debug|Any CPU.ActiveCfg = Debug|Any CPU
		{CA48F64C-968C-477D-83A2-3C784380EBAA}.Debug|Any CPU.Build.0 = Debug|Any CPU
		{CA48F64C-968C-477D-83A2-3C784380EBAA}.Debug|Any CPU.Deploy.0 = Debug|Any CPU
		{CA48F64C-968C-477D-83A2-3C784380EBAA}.Debug|iPhone.ActiveCfg = Debug|Any CPU
		{CA48F64C-968C-477D-83A2-3C784380EBAA}.Debug|iPhone.Build.0 = Debug|Any CPU
		{CA48F64C-968C-477D-83A2-3C784380EBAA}.Debug|iPhone.Deploy.0 = Debug|Any CPU
		{CA48F64C-968C-477D-83A2-3C784380EBAA}.Debug|iPhoneSimulator.ActiveCfg = Debug|Any CPU
		{CA48F64C-968C-477D-83A2-3C784380EBAA}.Debug|iPhoneSimulator.Build.0 = Debug|Any CPU
		{CA48F64C-968C-477D-83A2-3C784380EBAA}.Debug|iPhoneSimulator.Deploy.0 = Debug|Any CPU
		{CA48F64C-968C-477D-83A2-3C784380EBAA}.Release|Any CPU.ActiveCfg = Release|Any CPU
		{CA48F64C-968C-477D-83A2-3C784380EBAA}.Release|Any CPU.Build.0 = Release|Any CPU
		{CA48F64C-968C-477D-83A2-3C784380EBAA}.Release|Any CPU.Deploy.0 = Release|Any CPU
		{CA48F64C-968C-477D-83A2-3C784380EBAA}.Release|iPhone.ActiveCfg = Release|Any CPU
		{CA48F64C-968C-477D-83A2-3C784380EBAA}.Release|iPhone.Build.0 = Release|Any CPU
		{CA48F64C-968C-477D-83A2-3C784380EBAA}.Release|iPhone.Deploy.0 = Release|Any CPU
		{CA48F64C-968C-477D-83A2-3C784380EBAA}.Release|iPhoneSimulator.ActiveCfg = Release|Any CPU
		{CA48F64C-968C-477D-83A2-3C784380EBAA}.Release|iPhoneSimulator.Build.0 = Release|Any CPU
		{CA48F64C-968C-477D-83A2-3C784380EBAA}.Release|iPhoneSimulator.Deploy.0 = Release|Any CPU
	EndGlobalSection
	GlobalSection(SolutionProperties) = preSolution
		HideSolutionNode = FALSE
	EndGlobalSection
	GlobalSection(ExtensibilityGlobals) = postSolution
		SolutionGuid = {FEFA9270-56FA-4664-A6E7-ADC44FBADED1}
	EndGlobalSection
EndGlobal
